<?xml version="1.0" encoding="utf-8"?>
<Project ToolsVersion="4.0" xmlns="http://schemas.microsoft.com/developer/msbuild/2003">
  <ItemGroup>
    <Filter Include="Source Files">
      <UniqueIdentifier>{4FC737F1-C7A5-4376-A066-2A32D752A2FF}</UniqueIdentifier>
      <Extensions>cpp;c;cc;cxx;def;odl;idl;hpj;bat;asm;asmx</Extensions>
    </Filter>
    <Filter Include="Source Files\zbox">
      <UniqueIdentifier>{434862d9-8ac2-46bc-a760-16eba835391f}</UniqueIdentifier>
    </Filter>
    <Filter Include="Header Files">
      <UniqueIdentifier>{93995380-89BD-4b04-88EB-625FBE52EBFB}</UniqueIdentifier>
      <Extensions>h;hpp;hxx;hm;inl;inc;xsd</Extensions>
    </Filter>
    <Filter Include="Header Files\zbox">
      <UniqueIdentifier>{dd963bb7-993a-44ae-b801-752b1ec23aab}</UniqueIdentifier>
    </Filter>
    <Filter Include="Resource Files">
      <UniqueIdentifier>{67DA6AB6-F800-4c08-8B7A-83BB121AAD01}</UniqueIdentifier>
      <Extensions>rc;ico;cur;bmp;dlg;rc2;rct;bin;rgs;gif;jpg;jpeg;jpe;resx;tiff;tif;png;wav</Extensions>
    </Filter>
  </ItemGroup>
  <ItemGroup>
    <ClCompile Include="msg.c">
      <Filter>Source Files</Filter>
    </ClCompile>
    <ClCompile Include="remoting.c">
      <Filter>Source Files</Filter>
    </ClCompile>
    <ClCompile Include="zbus.c">
      <Filter>Source Files</Filter>
    </ClCompile>
    <ClCompile Include="..\..\zbox\src\blockq.c">
      <Filter>Source Files\zbox</Filter>
    </ClCompile>
    <ClCompile Include="..\..\zbox\src\buffer.c">
      <Filter>Source Files\zbox</Filter>
    </ClCompile>
    <ClCompile Include="..\..\zbox\src\hash.c">
      <Filter>Source Files\zbox</Filter>
    </ClCompile>
    <ClCompile Include="..\..\zbox\src\json.c">
      <Filter>Source Files\zbox</Filter>
    </ClCompile>
    <ClCompile Include="..\..\zbox\src\list.c">
      <Filter>Source Files\zbox</Filter>
    </ClCompile>
    <ClCompile Include="..\..\zbox\src\log.c">
      <Filter>Source Files\zbox</Filter>
    </ClCompile>
    <ClCompile Include="..\..\zbox\src\net.c">
      <Filter>Source Files\zbox</Filter>
    </ClCompile>
    <ClCompile Include="..\..\zbox\src\thread.c">
      <Filter>Source Files\zbox</Filter>
    </ClCompile>
  </ItemGroup>
  <ItemGroup>
    <ClInclude Include="..\include\msg.h">
      <Filter>Header Files</Filter>
    </ClInclude>
    <ClInclude Include="..\include\remoting.h">
      <Filter>Header Files</Filter>
    </ClInclude>
    <ClInclude Include="..\include\zbus.h">
      <Filter>Header Files</Filter>
    </ClInclude>
    <ClInclude Include="..\..\zbox\include\blockq.h">
      <Filter>Header Files\zbox</Filter>
    </ClInclude>
    <ClInclude Include="..\..\zbox\include\buffer.h">
      <Filter>Header Files\zbox</Filter>
    </ClInclude>
    <ClInclude Include="..\..\zbox\include\hash.h">
      <Filter>Header Files\zbox</Filter>
    </ClInclude>
    <ClInclude Include="..\..\zbox\include\json.h">
      <Filter>Header Files\zbox</Filter>
    </ClInclude>
    <ClInclude Include="..\..\zbox\include\list.h">
      <Filter>Header Files\zbox</Filter>
    </ClInclude>
    <ClInclude Include="..\..\zbox\include\log.h">
      <Filter>Header Files\zbox</Filter>
    </ClInclude>
    <ClInclude Include="..\..\zbox\include\net.h">
      <Filter>Header Files\zbox</Filter>
    </ClInclude>
    <ClInclude Include="..\..\zbox\include\platform.h">
      <Filter>Header Files\zbox</Filter>
    </ClInclude>
    <ClInclude Include="..\..\zbox\include\thread.h">
      <Filter>Header Files\zbox</Filter>
    </ClInclude>
  </ItemGroup>
</Project>